
Microsoft Visual Studio Solution File, Format Version 12.00
# Visual Studio Version 16
VisualStudioVersion = 16.0.31727.386
MinimumVisualStudioVersion = 10.0.40219.1
Project("{9A19103F-16F7-4668-BE54-9A1E7A4F7556}") = "BankWebApi", "BankWebApi\BankWebApi.csproj", "{6D6E044F-7028-41A6-84A9-A73DFE1460CB}"
EndProject
Project("{FAE04EC0-301F-11D3-BF4B-00C04F79EFBC}") = "BankWebApi.Logic", "BankWebApi.Logic\BankWebApi.Logic.csproj", "{742EB865-D7A8-401D-AEC6-2E79103AB7F2}"
EndProject
Project("{FAE04EC0-301F-11D3-BF4B-00C04F79EFBC}") = "BankWebApi.Data", "BankWebApi.Data\BankWebApi.Data.csproj", "{CDBB336F-BA92-42F8-B32B-28910D2CC2DB}"
EndProject
Global
	GlobalSection(SolutionConfigurationPlatforms) = preSolution
		Debug|Any CPU = Debug|Any CPU
		Release|Any CPU = Release|Any CPU
	EndGlobalSection
	GlobalSection(ProjectConfigurationPlatforms) = postSolution
		{6D6E044F-7028-41A6-84A9-A73DFE1460CB}.Debug|Any CPU.ActiveCfg = Debug|Any CPU
		{6D6E044F-7028-41A6-84A9-A73DFE1460CB}.Debug|Any CPU.Build.0 = Debug|Any CPU
		{6D6E044F-7028-41A6-84A9-A73DFE1460CB}.Release|Any CPU.ActiveCfg = Release|Any CPU
		{6D6E044F-7028-41A6-84A9-A73DFE1460CB}.Release|Any CPU.Build.0 = Release|Any CPU
		{742EB865-D7A8-401D-AEC6-2E79103AB7F2}.Debug|Any CPU.ActiveCfg = Debug|Any CPU
		{742EB865-D7A8-401D-AEC6-2E79103AB7F2}.Debug|Any CPU.Build.0 = Debug|Any CPU
		{742EB865-D7A8-401D-AEC6-2E79103AB7F2}.Release|Any CPU.ActiveCfg = Release|Any CPU
		{742EB865-D7A8-401D-AEC6-2E79103AB7F2}.Release|Any CPU.Build.0 = Release|Any CPU
		{CDBB336F-BA92-42F8-B32B-28910D2CC2DB}.Debug|Any CPU.ActiveCfg = Debug|Any CPU
		{CDBB336F-BA92-42F8-B32B-28910D2CC2DB}.Debug|Any CPU.Build.0 = Debug|Any CPU
		{CDBB336F-BA92-42F8-B32B-28910D2CC2DB}.Release|Any CPU.ActiveCfg = Release|Any CPU
		{CDBB336F-BA92-42F8-B32B-28910D2CC2DB}.Release|Any CPU.Build.0 = Release|Any CPU
	EndGlobalSection
	GlobalSection(SolutionProperties) = preSolution
		HideSolutionNode = FALSE
	EndGlobalSection
	GlobalSection(ExtensibilityGlobals) = postSolution
		SolutionGuid = {C79CB081-5F63-43A4-A91F-1EC3AF2758B7}
	EndGlobalSection
EndGlobal
